// !$*UTF8*$!
{
	archiveVersion = 1;
	classes = {
	};
	objectVersion = 56;
	objects = {

/* Begin PBXBuildFile section */
		2B7472622A52DFBF00BEB461 /* XcodeApp.swift in Sources */ = {isa = PBXBuildFile; fileRef = 2B7472612A52DFBF00BEB461 /* XcodeApp.swift */; };
		2B7472642A52DFBF00BEB461 /* ContentView.swift in Sources */ = {isa = PBXBuildFile; fileRef = 2B7472632A52DFBF00BEB461 /* ContentView.swift */; };
		2B7472662A52DFC000BEB461 /* Assets.xcassets in Resources */ = {isa = PBXBuildFile; fileRef = 2B7472652A52DFC000BEB461 /* Assets.xcassets */; };
		2B7472692A52DFC000BEB461 /* Preview Assets.xcassets in Resources */ = {isa = PBXBuildFile; fileRef = 2B7472682A52DFC000BEB461 /* Preview Assets.xcassets */; };
		2B7472732A52DFC000BEB461 /* XcodeTests.swift in Sources */ = {isa = PBXBuildFile; fileRef = 2B7472722A52DFC000BEB461 /* XcodeTests.swift */; };
		2B74727D2A52DFC000BEB461 /* XcodeUITests.swift in Sources */ = {isa = PBXBuildFile; fileRef = 2B74727C2A52DFC000BEB461 /* XcodeUITests.swift */; };
		2B74727F2A52DFC000BEB461 /* XcodeUITestsLaunchTests.swift in Sources */ = {isa = PBXBuildFile; fileRef = 2B74727E2A52DFC000BEB461 /* XcodeUITestsLaunchTests.swift */; };
		2B74728C2A52E7DD00BEB461 /* Joke.swift in Sources */ = {isa = PBXBuildFile; fileRef = 2B74728B2A52E7DD00BEB461 /* Joke.swift */; };
/* End PBXBuildFile section */

/* Begin PBXContainerItemProxy section */
		2B74726F2A52DFC000BEB461 /* PBXContainerItemProxy */ = {
			isa = PBXContainerItemProxy;
			containerPortal = 2B7472562A52DFBF00BEB461 /* Project object */;
			proxyType = 1;
			remoteGlobalIDString = 2B74725D2A52DFBF00BEB461;
			remoteInfo = Xcode;
		};
		2B7472792A52DFC000BEB461 /* PBXContainerItemProxy */ = {
			isa = PBXContainerItemProxy;
			containerPortal = 2B7472562A52DFBF00BEB461 /* Project object */;
			proxyType = 1;
			remoteGlobalIDString = 2B74725D2A52DFBF00BEB461;
			remoteInfo = Xcode;
		};
/* End PBXContainerItemProxy section */

/* Begin PBXFileReference section */
		2B74725E2A52DFBF00BEB461 /* Jokes.app */ = {isa = PBXFileReference; explicitFileType = wrapper.application; includeInIndex = 0; path = Jokes.app; sourceTree = BUILT_PRODUCTS_DIR; };
		2B7472612A52DFBF00BEB461 /* XcodeApp.swift */ = {isa = PBXFileReference; lastKnownFileType = sourcecode.swift; path = XcodeApp.swift; sourceTree = "<group>"; };
		2B7472632A52DFBF00BEB461 /* ContentView.swift */ = {isa = PBXFileReference; lastKnownFileType = sourcecode.swift; path = ContentView.swift; sourceTree = "<group>"; };
		2B7472652A52DFC000BEB461 /* Assets.xcassets */ = {isa = PBXFileReference; lastKnownFileType = folder.assetcatalog; path = Assets.xcassets; sourceTree = "<group>"; };
		2B7472682A52DFC000BEB461 /* Preview Assets.xcassets */ = {isa = PBXFileReference; lastKnownFileType = folder.assetcatalog; path = "Preview Assets.xcassets"; sourceTree = "<group>"; };
		2B74726E2A52DFC000BEB461 /* JokesTests.xctest */ = {isa = PBXFileReference; explicitFileType = wrapper.cfbundle; includeInIndex = 0; path = JokesTests.xctest; sourceTree = BUILT_PRODUCTS_DIR; };
		2B7472722A52DFC000BEB461 /* XcodeTests.swift */ = {isa = PBXFileReference; lastKnownFileType = sourcecode.swift; path = XcodeTests.swift; sourceTree = "<group>"; };
		2B7472782A52DFC000BEB461 /* JokesUITests.xctest */ = {isa = PBXFileReference; explicitFileType = wrapper.cfbundle; includeInIndex = 0; path = JokesUITests.xctest; sourceTree = BUILT_PRODUCTS_DIR; };
		2B74727C2A52DFC000BEB461 /* XcodeUITests.swift */ = {isa = PBXFileReference; lastKnownFileType = sourcecode.swift; path = XcodeUITests.swift; sourceTree = "<group>"; };
		2B74727E2A52DFC000BEB461 /* XcodeUITestsLaunchTests.swift */ = {isa = PBXFileReference; lastKnownFileType = sourcecode.swift; path = XcodeUITestsLaunchTests.swift; sourceTree = "<group>"; };
		2B74728B2A52E7DD00BEB461 /* Joke.swift */ = {isa = PBXFileReference; lastKnownFileType = sourcecode.swift; path = Joke.swift; sourceTree = "<group>"; };
/* End PBXFileReference section */

/* Begin PBXFrameworksBuildPhase section */
		2B74725B2A52DFBF00BEB461 /* Frameworks */ = {
			isa = PBXFrameworksBuildPhase;
			buildActionMask = 2147483647;
			files = (
			);
			runOnlyForDeploymentPostprocessing = 0;
		};
		2B74726B2A52DFC000BEB461 /* Frameworks */ = {
			isa = PBXFrameworksBuildPhase;
			buildActionMask = 2147483647;
			files = (
			);
			runOnlyForDeploymentPostprocessing = 0;
		};
		2B7472752A52DFC000BEB461 /* Frameworks */ = {
			isa = PBXFrameworksBuildPhase;
			buildActionMask = 2147483647;
			files = (
			);
			runOnlyForDeploymentPostprocessing = 0;
		};
/* End PBXFrameworksBuildPhase section */

/* Begin PBXGroup section */
		2B7472552A52DFBF00BEB461 = {
			isa = PBXGroup;
			children = (
				2B7472602A52DFBF00BEB461 /* Xcode */,
				2B7472712A52DFC000BEB461 /* XcodeTests */,
				2B74727B2A52DFC000BEB461 /* XcodeUITests */,
				2B74725F2A52DFBF00BEB461 /* Products */,
			);
			sourceTree = "<group>";
		};
		2B74725F2A52DFBF00BEB461 /* Products */ = {
			isa = PBXGroup;
			children = (
				2B74725E2A52DFBF00BEB461 /* Jokes.app */,
				2B74726E2A52DFC000BEB461 /* JokesTests.xctest */,
				2B7472782A52DFC000BEB461 /* JokesUITests.xctest */,
			);
			name = Products;
			sourceTree = "<group>";
		};
		2B7472602A52DFBF00BEB461 /* Xcode */ = {
			isa = PBXGroup;
			children = (
				2B7472612A52DFBF00BEB461 /* XcodeApp.swift */,
				2B7472632A52DFBF00BEB461 /* ContentView.swift */,
				2B7472652A52DFC000BEB461 /* Assets.xcassets */,
				2B7472672A52DFC000BEB461 /* Preview Content */,
				2B74728B2A52E7DD00BEB461 /* Joke.swift */,
			);
			path = Xcode;
			sourceTree = "<group>";
		};
		2B7472672A52DFC000BEB461 /* Preview Content */ = {
			isa = PBXGroup;
			children = (
				2B7472682A52DFC000BEB461 /* Preview Assets.xcassets */,
			);
			path = "Preview Content";
			sourceTree = "<group>";
		};
		2B7472712A52DFC000BEB461 /* XcodeTests */ = {
			isa = PBXGroup;
			children = (
				2B7472722A52DFC000BEB461 /* XcodeTests.swift */,
			);
			path = XcodeTests;
			sourceTree = "<group>";
		};
		2B74727B2A52DFC000BEB461 /* XcodeUITests */ = {
			isa = PBXGroup;
			children = (
				2B74727C2A52DFC000BEB461 /* XcodeUITests.swift */,
				2B74727E2A52DFC000BEB461 /* XcodeUITestsLaunchTests.swift */,
			);
			path = XcodeUITests;
			sourceTree = "<group>";
		};
/* End PBXGroup section */

/* Begin PBXNativeTarget section */
		2B74725D2A52DFBF00BEB461 /* Jokes */ = {
			isa = PBXNativeTarget;
			buildConfigurationList = 2B7472822A52DFC000BEB461 /* Build configuration list for PBXNativeTarget "Jokes" */;
			buildPhases = (
				2B74725A2A52DFBF00BEB461 /* Sources */,
				2B74725B2A52DFBF00BEB461 /* Frameworks */,
				2B74725C2A52DFBF00BEB461 /* Resources */,
			);
			buildRules = (
			);
			dependencies = (
			);
			name = Jokes;
			productName = Xcode;
			productReference = 2B74725E2A52DFBF00BEB461 /* Jokes.app */;
			productType = "com.apple.product-type.application";
		};
		2B74726D2A52DFC000BEB461 /* JokesTests */ = {
			isa = PBXNativeTarget;
			buildConfigurationList = 2B7472852A52DFC000BEB461 /* Build configuration list for PBXNativeTarget "JokesTests" */;
			buildPhases = (
				2B74726A2A52DFC000BEB461 /* Sources */,
				2B74726B2A52DFC000BEB461 /* Frameworks */,
				2B74726C2A52DFC000BEB461 /* Resources */,
			);
			buildRules = (
			);
			dependencies = (
				2B7472702A52DFC000BEB461 /* PBXTargetDependency */,
			);
			name = JokesTests;
			productName = XcodeTests;
			productReference = 2B74726E2A52DFC000BEB461 /* JokesTests.xctest */;
			productType = "com.apple.product-type.bundle.unit-test";
		};
		2B7472772A52DFC000BEB461 /* JokesUITests */ = {
			isa = PBXNativeTarget;
			buildConfigurationList = 2B7472882A52DFC000BEB461 /* Build configuration list for PBXNativeTarget "JokesUITests" */;
			buildPhases = (
				2B7472742A52DFC000BEB461 /* Sources */,
				2B7472752A52DFC000BEB461 /* Frameworks */,
				2B7472762A52DFC000BEB461 /* Resources */,
			);
			buildRules = (
			);
			dependencies = (
				2B74727A2A52DFC000BEB461 /* PBXTargetDependency */,
			);
			name = JokesUITests;
			productName = XcodeUITests;
			productReference = 2B7472782A52DFC000BEB461 /* JokesUITests.xctest */;
			productType = "com.apple.product-type.bundle.ui-testing";
		};
/* End PBXNativeTarget section */

/* Begin PBXProject section */
		2B7472562A52DFBF00BEB461 /* Project object */ = {
			isa = PBXProject;
			attributes = {
				BuildIndependentTargetsInParallel = 1;
				LastSwiftUpdateCheck = 1500;
				LastUpgradeCheck = 1500;
				TargetAttributes = {
					2B74725D2A52DFBF00BEB461 = {
						CreatedOnToolsVersion = 15.0;
					};
					2B74726D2A52DFC000BEB461 = {
						CreatedOnToolsVersion = 15.0;
						TestTargetID = 2B74725D2A52DFBF00BEB461;
					};
					2B7472772A52DFC000BEB461 = {
						CreatedOnToolsVersion = 15.0;
						TestTargetID = 2B74725D2A52DFBF00BEB461;
					};
				};
			};
			buildConfigurationList = 2B7472592A52DFBF00BEB461 /* Build configuration list for PBXProject "Jokes" */;
			compatibilityVersion = "Xcode 14.0";
			developmentRegion = en;
			hasScannedForEncodings = 0;
			knownRegions = (
				en,
				Base,
			);
			mainGroup = 2B7472552A52DFBF00BEB461;
			productRefGroup = 2B74725F2A52DFBF00BEB461 /* Products */;
			projectDirPath = "";
			projectRoot = "";
			targets = (
				2B74725D2A52DFBF00BEB461 /* Jokes */,
				2B74726D2A52DFC000BEB461 /* JokesTests */,
				2B7472772A52DFC000BEB461 /* JokesUITests */,
			);
		};
/* End PBXProject section */

/* Begin PBXResourcesBuildPhase section */
		2B74725C2A52DFBF00BEB461 /* Resources */ = {
			isa = PBXResourcesBuildPhase;
			buildActionMask = 2147483647;
			files = (
				2B7472692A52DFC000BEB461 /* Preview Assets.xcassets in Resources */,
				2B7472662A52DFC000BEB461 /* Assets.xcassets in Resources */,
			);
			runOnlyForDeploymentPostprocessing = 0;
		};
		2B74726C2A52DFC000BEB461 /* Resources */ = {
			isa = PBXResourcesBuildPhase;
			buildActionMask = 2147483647;
			files = (
			);
			runOnlyForDeploymentPostprocessing = 0;
		};
		2B7472762A52DFC000BEB461 /* Resources */ = {
			isa = PBXResourcesBuildPhase;
			buildActionMask = 2147483647;
			files = (
			);
			runOnlyForDeploymentPostprocessing = 0;
		};
/* End PBXResourcesBuildPhase section */

/* Begin PBXSourcesBuildPhase section */
		2B74725A2A52DFBF00BEB461 /* Sources */ = {
			isa = PBXSourcesBuildPhase;
			buildActionMask = 2147483647;
			files = (
				2B7472642A52DFBF00BEB461 /* ContentView.swift in Sources */,
				2B7472622A52DFBF00BEB461 /* XcodeApp.swift in Sources */,
				2B74728C2A52E7DD00BEB461 /* Joke.swift in Sources */,
			);
			runOnlyForDeploymentPostprocessing = 0;
		};
		2B74726A2A52DFC000BEB461 /* Sources */ = {
			isa = PBXSourcesBuildPhase;
			buildActionMask = 2147483647;
			files = (
				2B7472732A52DFC000BEB461 /* XcodeTests.swift in Sources */,
			);
			runOnlyForDeploymentPostprocessing = 0;
		};
		2B7472742A52DFC000BEB461 /* Sources */ = {
			isa = PBXSourcesBuildPhase;
			buildActionMask = 2147483647;
			files = (
				2B74727F2A52DFC000BEB461 /* XcodeUITestsLaunchTests.swift in Sources */,
				2B74727D2A52DFC000BEB461 /* XcodeUITests.swift in Sources */,
			);
			runOnlyForDeploymentPostprocessing = 0;
		};
/* End PBXSourcesBuildPhase section */

/* Begin PBXTargetDependency section */
		2B7472702A52DFC000BEB461 /* PBXTargetDependency */ = {
			isa = PBXTargetDependency;
			target = 2B74725D2A52DFBF00BEB461 /* Jokes */;
			targetProxy = 2B74726F2A52DFC000BEB461 /* PBXContainerItemProxy */;
		};
		2B74727A2A52DFC000BEB461 /* PBXTargetDependency */ = {
			isa = PBXTargetDependency;
			target = 2B74725D2A52DFBF00BEB461 /* Jokes */;
			targetProxy = 2B7472792A52DFC000BEB461 /* PBXContainerItemProxy */;
		};
/* End PBXTargetDependency section */

/* Begin XCBuildConfiguration section */
		2B7472802A52DFC000BEB461 /* Debug */ = {
			isa = XCBuildConfiguration;
			buildSettings = {
				ALWAYS_SEARCH_USER_PATHS = NO;
				ASSETCATALOG_COMPILER_GENERATE_SWIFT_ASSET_SYMBOL_EXTENSIONS = YES;
				CLANG_ANALYZER_NONNULL = YES;
				CLANG_ANALYZER_NUMBER_OBJECT_CONVERSION = YES_AGGRESSIVE;
				CLANG_CXX_LANGUAGE_STANDARD = "gnu++20";
				CLANG_ENABLE_MODULES = YES;
				CLANG_ENABLE_OBJC_ARC = YES;
				CLANG_ENABLE_OBJC_WEAK = YES;
				CLANG_WARN_BLOCK_CAPTURE_AUTORELEASING = YES;
				CLANG_WARN_BOOL_CONVERSION = YES;
				CLANG_WARN_COMMA = YES;
				CLANG_WARN_CONSTANT_CONVERSION = YES;
				CLANG_WARN_DEPRECATED_OBJC_IMPLEMENTATIONS = YES;
				CLANG_WARN_DIRECT_OBJC_ISA_USAGE = YES_ERROR;
				CLANG_WARN_DOCUMENTATION_COMMENTS = YES;
				CLANG_WARN_EMPTY_BODY = YES;
				CLANG_WARN_ENUM_CONVERSION = YES;
				CLANG_WARN_INFINITE_RECURSION = YES;
				CLANG_WARN_INT_CONVERSION = YES;
				CLANG_WARN_NON_LITERAL_NULL_CONVERSION = YES;
				CLANG_WARN_OBJC_IMPLICIT_RETAIN_SELF = YES;
				CLANG_WARN_OBJC_LITERAL_CONVERSION = YES;
				CLANG_WARN_OBJC_ROOT_CLASS = YES_ERROR;
				CLANG_WARN_QUOTED_INCLUDE_IN_FRAMEWORK_HEADER = YES;
				CLANG_WARN_RANGE_LOOP_ANALYSIS = YES;
				CLANG_WARN_STRICT_PROTOTYPES = YES;
				CLANG_WARN_SUSPICIOUS_MOVE = YES;
				CLANG_WARN_UNGUARDED_AVAILABILITY = YES_AGGRESSIVE;
				CLANG_WARN_UNREACHABLE_CODE = YES;
				CLANG_WARN__DUPLICATE_METHOD_MATCH = YES;
				COPY_PHASE_STRIP = NO;
				DEBUG_INFORMATION_FORMAT = dwarf;
				ENABLE_STRICT_OBJC_MSGSEND = YES;
				ENABLE_TESTABILITY = YES;
				ENABLE_USER_SCRIPT_SANDBOXING = YES;
				GCC_C_LANGUAGE_STANDARD = gnu17;
				GCC_DYNAMIC_NO_PIC = NO;
				GCC_NO_COMMON_BLOCKS = YES;
				GCC_OPTIMIZATION_LEVEL = 0;
				GCC_PREPROCESSOR_DEFINITIONS = (
					"DEBUG=1",
					"$(inherited)",
				);
				GCC_WARN_64_TO_32_BIT_CONVERSION = YES;
				GCC_WARN_ABOUT_RETURN_TYPE = YES_ERROR;
				GCC_WARN_UNDECLARED_SELECTOR = YES;
				GCC_WARN_UNINITIALIZED_AUTOS = YES_AGGRESSIVE;
				GCC_WARN_UNUSED_FUNCTION = YES;
				GCC_WARN_UNUSED_VARIABLE = YES;
				IPHONEOS_DEPLOYMENT_TARGET = 17.0;
				LOCALIZATION_PREFERS_STRING_CATALOGS = YES;
				MTL_ENABLE_DEBUG_INFO = INCLUDE_SOURCE;
				MTL_FAST_MATH = YES;
				ONLY_ACTIVE_ARCH = YES;
				SDKROOT = iphoneos;
				SWIFT_ACTIVE_COMPILATION_CONDITIONS = "DEBUG $(inherited)";
				SWIFT_OPTIMIZATION_LEVEL = "-Onone";
			};
			name = Debug;
		};
		2B7472812A52DFC000BEB461 /* Release */ = {
			isa = XCBuildConfiguration;
			buildSettings = {
				ALWAYS_SEARCH_USER_PATHS = NO;
				ASSETCATALOG_COMPILER_GENERATE_SWIFT_ASSET_SYMBOL_EXTENSIONS = YES;
				CLANG_ANALYZER_NONNULL = YES;
				CLANG_ANALYZER_NUMBER_OBJECT_CONVERSION = YES_AGGRESSIVE;
				CLANG_CXX_LANGUAGE_STANDARD = "gnu++20";
				CLANG_ENABLE_MODULES = YES;
				CLANG_ENABLE_OBJC_ARC = YES;
				CLANG_ENABLE_OBJC_WEAK = YES;
				CLANG_WARN_BLOCK_CAPTURE_AUTORELEASING = YES;
				CLANG_WARN_BOOL_CONVERSION = YES;
				CLANG_WARN_COMMA = YES;
				CLANG_WARN_CONSTANT_CONVERSION = YES;
				CLANG_WARN_DEPRECATED_OBJC_IMPLEMENTATIONS = YES;
				CLANG_WARN_DIRECT_OBJC_ISA_USAGE = YES_ERROR;
				CLANG_WARN_DOCUMENTATION_COMMENTS = YES;
				CLANG_WARN_EMPTY_BODY = YES;
				CLANG_WARN_ENUM_CONVERSION = YES;
				CLANG_WARN_INFINITE_RECURSION = YES;
				CLANG_WARN_INT_CONVERSION = YES;
				CLANG_WARN_NON_LITERAL_NULL_CONVERSION = YES;
				CLANG_WARN_OBJC_IMPLICIT_RETAIN_SELF = YES;
				CLANG_WARN_OBJC_LITERAL_CONVERSION = YES;
				CLANG_WARN_OBJC_ROOT_CLASS = YES_ERROR;
				CLANG_WARN_QUOTED_INCLUDE_IN_FRAMEWORK_HEADER = YES;
				CLANG_WARN_RANGE_LOOP_ANALYSIS = YES;
				CLANG_WARN_STRICT_PROTOTYPES = YES;
				CLANG_WARN_SUSPICIOUS_MOVE = YES;
				CLANG_WARN_UNGUARDED_AVAILABILITY = YES_AGGRESSIVE;
				CLANG_WARN_UNREACHABLE_CODE = YES;
				CLANG_WARN__DUPLICATE_METHOD_MATCH = YES;
				COPY_PHASE_STRIP = NO;
				DEBUG_INFORMATION_FORMAT = "dwarf-with-dsym";
				ENABLE_NS_ASSERTIONS = NO;
				ENABLE_STRICT_OBJC_MSGSEND = YES;
				ENABLE_USER_SCRIPT_SANDBOXING = YES;
				GCC_C_LANGUAGE_STANDARD = gnu17;
				GCC_NO_COMMON_BLOCKS = YES;
				GCC_WARN_64_TO_32_BIT_CONVERSION = YES;
				GCC_WARN_ABOUT_RETURN_TYPE = YES_ERROR;
				GCC_WARN_UNDECLARED_SELECTOR = YES;
				GCC_WARN_UNINITIALIZED_AUTOS = YES_AGGRESSIVE;
				GCC_WARN_UNUSED_FUNCTION = YES;
				GCC_WARN_UNUSED_VARIABLE = YES;
				IPHONEOS_DEPLOYMENT_TARGET = 17.0;
				LOCALIZATION_PREFERS_STRING_CATALOGS = YES;
				MTL_ENABLE_DEBUG_INFO = NO;
				MTL_FAST_MATH = YES;
				SDKROOT = iphoneos;
				SWIFT_COMPILATION_MODE = wholemodule;
				VALIDATE_PRODUCT = YES;
			};
			name = Release;
		};
		2B7472832A52DFC000BEB461 /* Debug */ = {
			isa = XCBuildConfiguration;
			buildSettings = {
				ASSETCATALOG_COMPILER_APPICON_NAME = AppIcon;
				ASSETCATALOG_COMPILER_GLOBAL_ACCENT_COLOR_NAME = AccentColor;
				CODE_SIGN_STYLE = Automatic;
				CURRENT_PROJECT_VERSION = 1;
				DEVELOPMENT_ASSET_PATHS = "\"Xcode/Preview Content\"";
				ENABLE_PREVIEWS = YES;
				GENERATE_INFOPLIST_FILE = YES;
				INFOPLIST_KEY_UIApplicationSceneManifest_Generation = YES;
				INFOPLIST_KEY_UIApplicationSupportsIndirectInputEvents = YES;
				INFOPLIST_KEY_UILaunchScreen_Generation = YES;
				INFOPLIST_KEY_UISupportedInterfaceOrientations_iPad = "UIInterfaceOrientationPortrait UIInterfaceOrientationPortraitUpsideDown UIInterfaceOrientationLandscapeLeft UIInterfaceOrientationLandscapeRight";
				INFOPLIST_KEY_UISupportedInterfaceOrientations_iPhone = "UIInterfaceOrientationPortrait UIInterfaceOrientationLandscapeLeft UIInterfaceOrientationLandscapeRight";
				LD_RUNPATH_SEARCH_PATHS = (
					"$(inherited)",
					"@executable_path/Frameworks",
				);
				MARKETING_VERSION = 1.0;
				PRODUCT_BUNDLE_IDENTIFIER = org.Xcode;
				PRODUCT_NAME = "$(TARGET_NAME)";
				SWIFT_EMIT_LOC_STRINGS = YES;
				SWIFT_VERSION = 5.0;
				TARGETED_DEVICE_FAMILY = "1,2";
			};
			name = Debug;
		};
		2B7472842A52DFC000BEB461 /* Release */ = {
			isa = XCBuildConfiguration;
			buildSettings = {
				ASSETCATALOG_COMPILER_APPICON_NAME = AppIcon;
				ASSETCATALOG_COMPILER_GLOBAL_ACCENT_COLOR_NAME = AccentColor;
				CODE_SIGN_STYLE = Automatic;
				CURRENT_PROJECT_VERSION = 1;
				DEVELOPMENT_ASSET_PATHS = "\"Xcode/Preview Content\"";
				ENABLE_PREVIEWS = YES;
				GENERATE_INFOPLIST_FILE = YES;
				INFOPLIST_KEY_UIApplicationSceneManifest_Generation = YES;
				INFOPLIST_KEY_UIApplicationSupportsIndirectInputEvents = YES;
				INFOPLIST_KEY_UILaunchScreen_Generation = YES;
				INFOPLIST_KEY_UISupportedInterfaceOrientations_iPad = "UIInterfaceOrientationPortrait UIInterfaceOrientationPortraitUpsideDown UIInterfaceOrientationLandscapeLeft UIInterfaceOrientationLandscapeRight";
				INFOPLIST_KEY_UISupportedInterfaceOrientations_iPhone = "UIInterfaceOrientationPortrait UIInterfaceOrientationLandscapeLeft UIInterfaceOrientationLandscapeRight";
				LD_RUNPATH_SEARCH_PATHS = (
					"$(inherited)",
					"@executable_path/Frameworks",
				);
				MARKETING_VERSION = 1.0;
				PRODUCT_BUNDLE_IDENTIFIER = org.Xcode;
				PRODUCT_NAME = "$(TARGET_NAME)";
				SWIFT_EMIT_LOC_STRINGS = YES;
				SWIFT_VERSION = 5.0;
				TARGETED_DEVICE_FAMILY = "1,2";
			};
			name = Release;
		};
		2B7472862A52DFC000BEB461 /* Debug */ = {
			isa = XCBuildConfiguration;
			buildSettings = {
				ALWAYS_EMBED_SWIFT_STANDARD_LIBRARIES = YES;
				BUNDLE_LOADER = "$(TEST_HOST)";
				CODE_SIGN_STYLE = Automatic;
				CURRENT_PROJECT_VERSION = 1;
				GENERATE_INFOPLIST_FILE = YES;
				IPHONEOS_DEPLOYMENT_TARGET = 17.0;
				MARKETING_VERSION = 1.0;
				PRODUCT_BUNDLE_IDENTIFIER = org.XcodeTests;
				PRODUCT_NAME = "$(TARGET_NAME)";
				SWIFT_EMIT_LOC_STRINGS = NO;
				SWIFT_VERSION = 5.0;
				TARGETED_DEVICE_FAMILY = "1,2";
				TEST_HOST = "$(BUILT_PRODUCTS_DIR)/Jokes.app/$(BUNDLE_EXECUTABLE_FOLDER_PATH)/Jokes";
			};
			name = Debug;
		};
		2B7472872A52DFC000BEB461 /* Release */ = {
			isa = XCBuildConfiguration;
			buildSettings = {
				ALWAYS_EMBED_SWIFT_STANDARD_LIBRARIES = YES;
				BUNDLE_LOADER = "$(TEST_HOST)";
				CODE_SIGN_STYLE = Automatic;
				CURRENT_PROJECT_VERSION = 1;
				GENERATE_INFOPLIST_FILE = YES;
				IPHONEOS_DEPLOYMENT_TARGET = 17.0;
				MARKETING_VERSION = 1.0;
				PRODUCT_BUNDLE_IDENTIFIER = org.XcodeTests;
				PRODUCT_NAME = "$(TARGET_NAME)";
				SWIFT_EMIT_LOC_STRINGS = NO;
				SWIFT_VERSION = 5.0;
				TARGETED_DEVICE_FAMILY = "1,2";
				TEST_HOST = "$(BUILT_PRODUCTS_DIR)/Jokes.app/$(BUNDLE_EXECUTABLE_FOLDER_PATH)/Jokes";
			};
			name = Release;
		};
		2B7472892A52DFC000BEB461 /* Debug */ = {
			isa = XCBuildConfiguration;
			buildSettings = {
				ALWAYS_EMBED_SWIFT_STANDARD_LIBRARIES = YES;
				CODE_SIGN_STYLE = Automatic;
				CURRENT_PROJECT_VERSION = 1;
				GENERATE_INFOPLIST_FILE = YES;
				MARKETING_VERSION = 1.0;
				PRODUCT_BUNDLE_IDENTIFIER = org.XcodeUITests;
				PRODUCT_NAME = "$(TARGET_NAME)";
				SWIFT_EMIT_LOC_STRINGS = NO;
				SWIFT_VERSION = 5.0;
				TARGETED_DEVICE_FAMILY = "1,2";
				TEST_TARGET_NAME = Xcode;
			};
			name = Debug;
		};
		2B74728A2A52DFC000BEB461 /* Release */ = {
			isa = XCBuildConfiguration;
			buildSettings = {
				ALWAYS_EMBED_SWIFT_STANDARD_LIBRARIES = YES;
				CODE_SIGN_STYLE = Automatic;
				CURRENT_PROJECT_VERSION = 1;
				GENERATE_INFOPLIST_FILE = YES;
				MARKETING_VERSION = 1.0;
				PRODUCT_BUNDLE_IDENTIFIER = org.XcodeUITests;
				PRODUCT_NAME = "$(TARGET_NAME)";
				SWIFT_EMIT_LOC_STRINGS = NO;
				SWIFT_VERSION = 5.0;
				TARGETED_DEVICE_FAMILY = "1,2";
				TEST_TARGET_NAME = Xcode;
			};
			name = Release;
		};
/* End XCBuildConfiguration section */

/* Begin XCConfigurationList section */
		2B7472592A52DFBF00BEB461 /* Build configuration list for PBXProject "Jokes" */ = {
			isa = XCConfigurationList;
			buildConfigurations = (
				2B7472802A52DFC000BEB461 /* Debug */,
				2B7472812A52DFC000BEB461 /* Release */,
			);
			defaultConfigurationIsVisible = 0;
			defaultConfigurationName = Release;
		};
		2B7472822A52DFC000BEB461 /* Build configuration list for PBXNativeTarget "Jokes" */ = {
			isa = XCConfigurationList;
			buildConfigurations = (
				2B7472832A52DFC000BEB461 /* Debug */,
				2B7472842A52DFC000BEB461 /* Release */,
			);
			defaultConfigurationIsVisible = 0;
			defaultConfigurationName = Release;
		};
		2B7472852A52DFC000BEB461 /* Build configuration list for PBXNativeTarget "JokesTests" */ = {
			isa = XCConfigurationList;
			buildConfigurations = (
				2B7472862A52DFC000BEB461 /* Debug */,
				2B7472872A52DFC000BEB461 /* Release */,
			);
			defaultConfigurationIsVisible = 0;
			defaultConfigurationName = Release;
		};
		2B7472882A52DFC000BEB461 /* Build configuration list for PBXNativeTarget "JokesUITests" */ = {
			isa = XCConfigurationList;
			buildConfigurations = (
				2B7472892A52DFC000BEB461 /* Debug */,
				2B74728A2A52DFC000BEB461 /* Release */,
			);
			defaultConfigurationIsVisible = 0;
			defaultConfigurationName = Release;
		};
/* End XCConfigurationList section */
	};
	rootObject = 2B7472562A52DFBF00BEB461 /* Project object */;
}
